# This file is generated by running "yarn install" inside your project.
# Manual changes might be lost - proceed with caution!

__metadata:
  version: 8
  cacheKey: 10c0

"@calcit/procs@npm:0.22.0":
  version: 0.22.0
  resolution: "@calcit/procs@npm:0.22.0"
  dependencies:
    "@calcit/ternary-tree": "npm:0.0.26"
    "@cirru/parser.ts": "npm:^0.0.9"
    "@cirru/writer.ts": "npm:^0.1.9"
  checksum: 10c0/57706484fe15e2d47bc17e1c9ec7f9d73446fb8fbf22d06e43f6d9b4b172177b8fa5e0ec39bd89444de08b58d34ab7a9ba3024d51b26a9d415af95c144ea9f95
  languageName: node
  linkType: hard

"@calcit/ternary-tree@npm:0.0.26":
  version: 0.0.26
  resolution: "@calcit/ternary-tree@npm:0.0.26"
  checksum: 10c0/53fee664f72e25f3512f3a61c917fe7926e2620caab1fed68e030ee4ddf905be68b4249c2e644a4db7cadb96b23594059f73fa9c475af8a79526e8d145736563
  languageName: node
  linkType: hard

"@cirru/parser.ts@npm:^0.0.9":
  version: 0.0.9
  resolution: "@cirru/parser.ts@npm:0.0.9"
  checksum: 10c0/3b13623b8f627ac81adae0cb6a4e3664f0da09115a997ca9b78b8d5d0b0f9b9b18c1ad847e068831cb1052c7da2a00329d2af04421b1024a004eef0ddca5fd7a
  languageName: node
  linkType: hard

"@cirru/writer.ts@npm:^0.1.9":
  version: 0.1.9
  resolution: "@cirru/writer.ts@npm:0.1.9"
  checksum: 10c0/df2672837d1bf61ee1a83b8b77ea17b9c241cb8135323567992749ee26daf3abccf43ab75d8698d67c36c8b8469f9a66c235a809a60484d71133592a9161a054
  languageName: node
  linkType: hard

"quamolit-retained-consumer@workspace:.":
  version: 0.0.0-use.local
  resolution: "quamolit-retained-consumer@workspace:."
  dependencies:
    "@calcit/procs": "npm:0.22.0"
  languageName: unknown
  linkType: soft
