# This file is generated by running "yarn install" inside your project.
# Manual changes might be lost - proceed with caution!

__metadata:
  version: 8
  cacheKey: 10c0

"@calcit/finger-vec@npm:0.1.1":
  version: 0.1.1
  resolution: "@calcit/finger-vec@npm:0.1.1"
  checksum: 10c0/c75e7f58924a7bb226ca4a47f6b0702021796b096c04d7fb7e9a92cb49b11ca64d654ea10d78bde29a8ac2d2d05ef9e7865efd2b358af2ca989d950b04d529a8
  languageName: node
  linkType: hard

"@calcit/procs@npm:0.28.0":
  version: 0.28.0
  resolution: "@calcit/procs@npm:0.28.0"
  dependencies:
    "@calcit/finger-vec": "npm:0.1.1"
    "@calcit/ternary-tree": "npm:0.0.26"
    "@cirru/parser.ts": "npm:0.0.10"
    "@cirru/writer.ts": "npm:^0.1.9"
  checksum: 10c0/ba7a8569b924fc1595c3b454a0d3ba5d622f0b3aac8ce35c9210752995ba07013a1ea16ed3f8c039bfb80dbc999f5a90c118f196647fb95d5c64ef5204f978cf
  languageName: node
  linkType: hard

"@calcit/ternary-tree@npm:0.0.26":
  version: 0.0.26
  resolution: "@calcit/ternary-tree@npm:0.0.26"
  checksum: 10c0/53fee664f72e25f3512f3a61c917fe7926e2620caab1fed68e030ee4ddf905be68b4249c2e644a4db7cadb96b23594059f73fa9c475af8a79526e8d145736563
  languageName: node
  linkType: hard

"@cirru/parser.ts@npm:0.0.10":
  version: 0.0.10
  resolution: "@cirru/parser.ts@npm:0.0.10"
  checksum: 10c0/d66a16bcf49c60865fb8e733a5c219289a7c755c6400dea7e7a8d3166ee7841a623030f35f8ee96e232bc40f974f1b79a0ccdf089947fc5779699485102b5995
  languageName: node
  linkType: hard

"@cirru/writer.ts@npm:^0.1.9":
  version: 0.1.9
  resolution: "@cirru/writer.ts@npm:0.1.9"
  checksum: 10c0/df2672837d1bf61ee1a83b8b77ea17b9c241cb8135323567992749ee26daf3abccf43ab75d8698d67c36c8b8469f9a66c235a809a60484d71133592a9161a054
  languageName: node
  linkType: hard

"quamolit-retained-consumer@workspace:.":
  version: 0.0.0-use.local
  resolution: "quamolit-retained-consumer@workspace:."
  dependencies:
    "@calcit/procs": "npm:0.28.0"
  languageName: unknown
  linkType: soft
